
Microsoft Visual Studio Solution File, Format Version 12.00
# Visual Studio 15
VisualStudioVersion = 15.0.26124.0
MinimumVisualStudioVersion = 15.0.26124.0
Project("{2150E333-8FDC-42A3-9474-1A3956D46DE8}") = "src", "src", "{9E1F75B2-1EC6-4375-92CF-447B0FA931BF}"
EndProject
Project("{2150E333-8FDC-42A3-9474-1A3956D46DE8}") = "tests", "tests", "{61EE21A4-0B7E-4537-8C2B-455D1B892B5C}"
EndProject
Project("{9A19103F-16F7-4668-BE54-9A1E7A4F7556}") = "NooBIT.AspNetCore.Mvc.Tests", "tests\NooBIT.AspNetCore.Mvc.Tests\NooBIT.AspNetCore.Mvc.Tests.csproj", "{E6C21DFD-0068-47CC-BF0B-597AD611742F}"
EndProject
Project("{9A19103F-16F7-4668-BE54-9A1E7A4F7556}") = "NooBIT.AspNetCore.Mvc", "src\NooBIT.AspNetCore.Mvc\NooBIT.AspNetCore.Mvc.csproj", "{2233CDDA-B741-4EB0-8849-44554D5F302E}"
EndProject
Project("{2150E333-8FDC-42A3-9474-1A3956D46DE8}") = "samples", "samples", "{6244A317-C469-478D-B4D8-B546C8135752}"
EndProject
Project("{9A19103F-16F7-4668-BE54-9A1E7A4F7556}") = "NooBIT.AspNetCore.Mvc.Sample", "samples\NooBIT.AspNetCore.Mvc.Sample\NooBIT.AspNetCore.Mvc.Sample.csproj", "{3BF2E7DC-17A5-4DCA-AC07-41137D0475D4}"
EndProject
Project("{9A19103F-16F7-4668-BE54-9A1E7A4F7556}") = "NooBIT.AspNetCore.Mvc.Optimizations", "src\NooBIT.AspNetCore.Mvc.Optimizations\NooBIT.AspNetCore.Mvc.Optimizations.csproj", "{B56C22F3-47DC-46EA-8F87-73AE2F8B8C43}"
	ProjectSection(ProjectDependencies) = postProject
		{2233CDDA-B741-4EB0-8849-44554D5F302E} = {2233CDDA-B741-4EB0-8849-44554D5F302E}
	EndProjectSection
EndProject
Project("{2150E333-8FDC-42A3-9474-1A3956D46DE8}") = "docs", "docs", "{77398460-0F21-429A-BAD9-9626388679C4}"
	ProjectSection(SolutionItems) = preProject
		appveyor.yml = appveyor.yml
		LICENSE.md = LICENSE.md
		README.md = README.md
	EndProjectSection
EndProject
Project("{9A19103F-16F7-4668-BE54-9A1E7A4F7556}") = "NooBIT.AspNetCore.Mvc.AutoMapper", "src\NooBIT.AspNetCore.Mvc.AutoMapper\NooBIT.AspNetCore.Mvc.AutoMapper.csproj", "{374E9435-CACF-4E84-9967-09B235487105}"
EndProject
Project("{9A19103F-16F7-4668-BE54-9A1E7A4F7556}") = "NooBIT.AspNetCore.Mvc.SimpleInjector", "src\NooBIT.AspNetCore.Mvc.SimpleInjector\NooBIT.AspNetCore.Mvc.SimpleInjector.csproj", "{AC3AF2FC-661E-4448-93B4-8A69F1E44D20}"
EndProject
Global
	GlobalSection(SolutionConfigurationPlatforms) = preSolution
		Debug|Any CPU = Debug|Any CPU
		Debug|x64 = Debug|x64
		Debug|x86 = Debug|x86
		Release|Any CPU = Release|Any CPU
		Release|x64 = Release|x64
		Release|x86 = Release|x86
	EndGlobalSection
	GlobalSection(ProjectConfigurationPlatforms) = postSolution
		{E6C21DFD-0068-47CC-BF0B-597AD611742F}.Debug|Any CPU.ActiveCfg = Debug|Any CPU
		{E6C21DFD-0068-47CC-BF0B-597AD611742F}.Debug|Any CPU.Build.0 = Debug|Any CPU
		{E6C21DFD-0068-47CC-BF0B-597AD611742F}.Debug|x64.ActiveCfg = Debug|Any CPU
		{E6C21DFD-0068-47CC-BF0B-597AD611742F}.Debug|x64.Build.0 = Debug|Any CPU
		{E6C21DFD-0068-47CC-BF0B-597AD611742F}.Debug|x86.ActiveCfg = Debug|Any CPU
		{E6C21DFD-0068-47CC-BF0B-597AD611742F}.Debug|x86.Build.0 = Debug|Any CPU
		{E6C21DFD-0068-47CC-BF0B-597AD611742F}.Release|Any CPU.ActiveCfg = Release|Any CPU
		{E6C21DFD-0068-47CC-BF0B-597AD611742F}.Release|Any CPU.Build.0 = Release|Any CPU
		{E6C21DFD-0068-47CC-BF0B-597AD611742F}.Release|x64.ActiveCfg = Release|Any CPU
		{E6C21DFD-0068-47CC-BF0B-597AD611742F}.Release|x64.Build.0 = Release|Any CPU
		{E6C21DFD-0068-47CC-BF0B-597AD611742F}.Release|x86.ActiveCfg = Release|Any CPU
		{E6C21DFD-0068-47CC-BF0B-597AD611742F}.Release|x86.Build.0 = Release|Any CPU
		{2233CDDA-B741-4EB0-8849-44554D5F302E}.Debug|Any CPU.ActiveCfg = Debug|Any CPU
		{2233CDDA-B741-4EB0-8849-44554D5F302E}.Debug|Any CPU.Build.0 = Debug|Any CPU
		{2233CDDA-B741-4EB0-8849-44554D5F302E}.Debug|x64.ActiveCfg = Debug|Any CPU
		{2233CDDA-B741-4EB0-8849-44554D5F302E}.Debug|x64.Build.0 = Debug|Any CPU
		{2233CDDA-B741-4EB0-8849-44554D5F302E}.Debug|x86.ActiveCfg = Debug|Any CPU
		{2233CDDA-B741-4EB0-8849-44554D5F302E}.Debug|x86.Build.0 = Debug|Any CPU
		{2233CDDA-B741-4EB0-8849-44554D5F302E}.Release|Any CPU.ActiveCfg = Release|Any CPU
		{2233CDDA-B741-4EB0-8849-44554D5F302E}.Release|Any CPU.Build.0 = Release|Any CPU
		{2233CDDA-B741-4EB0-8849-44554D5F302E}.Release|x64.ActiveCfg = Release|Any CPU
		{2233CDDA-B741-4EB0-8849-44554D5F302E}.Release|x64.Build.0 = Release|Any CPU
		{2233CDDA-B741-4EB0-8849-44554D5F302E}.Release|x86.ActiveCfg = Release|Any CPU
		{2233CDDA-B741-4EB0-8849-44554D5F302E}.Release|x86.Build.0 = Release|Any CPU
		{3BF2E7DC-17A5-4DCA-AC07-41137D0475D4}.Debug|Any CPU.ActiveCfg = Debug|Any CPU
		{3BF2E7DC-17A5-4DCA-AC07-41137D0475D4}.Debug|Any CPU.Build.0 = Debug|Any CPU
		{3BF2E7DC-17A5-4DCA-AC07-41137D0475D4}.Debug|x64.ActiveCfg = Debug|Any CPU
		{3BF2E7DC-17A5-4DCA-AC07-41137D0475D4}.Debug|x64.Build.0 = Debug|Any CPU
		{3BF2E7DC-17A5-4DCA-AC07-41137D0475D4}.Debug|x86.ActiveCfg = Debug|Any CPU
		{3BF2E7DC-17A5-4DCA-AC07-41137D0475D4}.Debug|x86.Build.0 = Debug|Any CPU
		{3BF2E7DC-17A5-4DCA-AC07-41137D0475D4}.Release|Any CPU.ActiveCfg = Release|Any CPU
		{3BF2E7DC-17A5-4DCA-AC07-41137D0475D4}.Release|Any CPU.Build.0 = Release|Any CPU
		{3BF2E7DC-17A5-4DCA-AC07-41137D0475D4}.Release|x64.ActiveCfg = Release|Any CPU
		{3BF2E7DC-17A5-4DCA-AC07-41137D0475D4}.Release|x64.Build.0 = Release|Any CPU
		{3BF2E7DC-17A5-4DCA-AC07-41137D0475D4}.Release|x86.ActiveCfg = Release|Any CPU
		{3BF2E7DC-17A5-4DCA-AC07-41137D0475D4}.Release|x86.Build.0 = Release|Any CPU
		{B56C22F3-47DC-46EA-8F87-73AE2F8B8C43}.Debug|Any CPU.ActiveCfg = Debug|Any CPU
		{B56C22F3-47DC-46EA-8F87-73AE2F8B8C43}.Debug|Any CPU.Build.0 = Debug|Any CPU
		{B56C22F3-47DC-46EA-8F87-73AE2F8B8C43}.Debug|x64.ActiveCfg = Debug|Any CPU
		{B56C22F3-47DC-46EA-8F87-73AE2F8B8C43}.Debug|x64.Build.0 = Debug|Any CPU
		{B56C22F3-47DC-46EA-8F87-73AE2F8B8C43}.Debug|x86.ActiveCfg = Debug|Any CPU
		{B56C22F3-47DC-46EA-8F87-73AE2F8B8C43}.Debug|x86.Build.0 = Debug|Any CPU
		{B56C22F3-47DC-46EA-8F87-73AE2F8B8C43}.Release|Any CPU.ActiveCfg = Release|Any CPU
		{B56C22F3-47DC-46EA-8F87-73AE2F8B8C43}.Release|Any CPU.Build.0 = Release|Any CPU
		{B56C22F3-47DC-46EA-8F87-73AE2F8B8C43}.Release|x64.ActiveCfg = Release|Any CPU
		{B56C22F3-47DC-46EA-8F87-73AE2F8B8C43}.Release|x64.Build.0 = Release|Any CPU
		{B56C22F3-47DC-46EA-8F87-73AE2F8B8C43}.Release|x86.ActiveCfg = Release|Any CPU
		{B56C22F3-47DC-46EA-8F87-73AE2F8B8C43}.Release|x86.Build.0 = Release|Any CPU
		{374E9435-CACF-4E84-9967-09B235487105}.Debug|Any CPU.ActiveCfg = Debug|Any CPU
		{374E9435-CACF-4E84-9967-09B235487105}.Debug|Any CPU.Build.0 = Debug|Any CPU
		{374E9435-CACF-4E84-9967-09B235487105}.Debug|x64.ActiveCfg = Debug|Any CPU
		{374E9435-CACF-4E84-9967-09B235487105}.Debug|x64.Build.0 = Debug|Any CPU
		{374E9435-CACF-4E84-9967-09B235487105}.Debug|x86.ActiveCfg = Debug|Any CPU
		{374E9435-CACF-4E84-9967-09B235487105}.Debug|x86.Build.0 = Debug|Any CPU
		{374E9435-CACF-4E84-9967-09B235487105}.Release|Any CPU.ActiveCfg = Release|Any CPU
		{374E9435-CACF-4E84-9967-09B235487105}.Release|Any CPU.Build.0 = Release|Any CPU
		{374E9435-CACF-4E84-9967-09B235487105}.Release|x64.ActiveCfg = Release|Any CPU
		{374E9435-CACF-4E84-9967-09B235487105}.Release|x64.Build.0 = Release|Any CPU
		{374E9435-CACF-4E84-9967-09B235487105}.Release|x86.ActiveCfg = Release|Any CPU
		{374E9435-CACF-4E84-9967-09B235487105}.Release|x86.Build.0 = Release|Any CPU
		{AC3AF2FC-661E-4448-93B4-8A69F1E44D20}.Debug|Any CPU.ActiveCfg = Debug|Any CPU
		{AC3AF2FC-661E-4448-93B4-8A69F1E44D20}.Debug|Any CPU.Build.0 = Debug|Any CPU
		{AC3AF2FC-661E-4448-93B4-8A69F1E44D20}.Debug|x64.ActiveCfg = Debug|Any CPU
		{AC3AF2FC-661E-4448-93B4-8A69F1E44D20}.Debug|x64.Build.0 = Debug|Any CPU
		{AC3AF2FC-661E-4448-93B4-8A69F1E44D20}.Debug|x86.ActiveCfg = Debug|Any CPU
		{AC3AF2FC-661E-4448-93B4-8A69F1E44D20}.Debug|x86.Build.0 = Debug|Any CPU
		{AC3AF2FC-661E-4448-93B4-8A69F1E44D20}.Release|Any CPU.ActiveCfg = Release|Any CPU
		{AC3AF2FC-661E-4448-93B4-8A69F1E44D20}.Release|Any CPU.Build.0 = Release|Any CPU
		{AC3AF2FC-661E-4448-93B4-8A69F1E44D20}.Release|x64.ActiveCfg = Release|Any CPU
		{AC3AF2FC-661E-4448-93B4-8A69F1E44D20}.Release|x64.Build.0 = Release|Any CPU
		{AC3AF2FC-661E-4448-93B4-8A69F1E44D20}.Release|x86.ActiveCfg = Release|Any CPU
		{AC3AF2FC-661E-4448-93B4-8A69F1E44D20}.Release|x86.Build.0 = Release|Any CPU
	EndGlobalSection
	GlobalSection(SolutionProperties) = preSolution
		HideSolutionNode = FALSE
	EndGlobalSection
	GlobalSection(NestedProjects) = preSolution
		{E6C21DFD-0068-47CC-BF0B-597AD611742F} = {61EE21A4-0B7E-4537-8C2B-455D1B892B5C}
		{2233CDDA-B741-4EB0-8849-44554D5F302E} = {9E1F75B2-1EC6-4375-92CF-447B0FA931BF}
		{3BF2E7DC-17A5-4DCA-AC07-41137D0475D4} = {6244A317-C469-478D-B4D8-B546C8135752}
		{B56C22F3-47DC-46EA-8F87-73AE2F8B8C43} = {9E1F75B2-1EC6-4375-92CF-447B0FA931BF}
		{374E9435-CACF-4E84-9967-09B235487105} = {9E1F75B2-1EC6-4375-92CF-447B0FA931BF}
		{AC3AF2FC-661E-4448-93B4-8A69F1E44D20} = {9E1F75B2-1EC6-4375-92CF-447B0FA931BF}
	EndGlobalSection
	GlobalSection(ExtensibilityGlobals) = postSolution
		SolutionGuid = {1300C816-16F2-497E-9AFB-05497767A3A9}
	EndGlobalSection
EndGlobal
